// !$*UTF8*$!
{
	archiveVersion = 1;
	classes = {
	};
	objectVersion = 46;
	objects = {

/* Begin PBXBuildFile section */
		627909A61DD368680076986F /* AppDelegate.swift in Sources */ = {isa = PBXBuildFile; fileRef = 627909A51DD368680076986F /* AppDelegate.swift */; };
		627909A81DD368680076986F /* ViewController.swift in Sources */ = {isa = PBXBuildFile; fileRef = 627909A71DD368680076986F /* ViewController.swift */; };
		627909AB1DD368680076986F /* Main.storyboard in Resources */ = {isa = PBXBuildFile; fileRef = 627909A91DD368680076986F /* Main.storyboard */; };
		627909AD1DD368680076986F /* Assets.xcassets in Resources */ = {isa = PBXBuildFile; fileRef = 627909AC1DD368680076986F /* Assets.xcassets */; };
		627909B01DD368680076986F /* LaunchScreen.storyboard in Resources */ = {isa = PBXBuildFile; fileRef = 627909AE1DD368680076986F /* LaunchScreen.storyboard */; };
/* End PBXBuildFile section */

/* Begin PBXFileReference section */
		627909A21DD368680076986F /* rockpaperscissors.app */ = {isa = PBXFileReference; explicitFileType = wrapper.application; includeInIndex = 0; path = rockpaperscissors.app; sourceTree = BUILT_PRODUCTS_DIR; };
		627909A51DD368680076986F /* AppDelegate.swift */ = {isa = PBXFileReference; lastKnownFileType = sourcecode.swift; path = AppDelegate.swift; sourceTree = "<group>"; };
		627909A71DD368680076986F /* ViewController.swift */ = {isa = PBXFileReference; lastKnownFileType = sourcecode.swift; path = ViewController.swift; sourceTree = "<group>"; };
		627909AA1DD368680076986F /* Base */ = {isa = PBXFileReference; lastKnownFileType = file.storyboard; name = Base; path = Base.lproj/Main.storyboard; sourceTree = "<group>"; };
		627909AC1DD368680076986F /* Assets.xcassets */ = {isa = PBXFileReference; lastKnownFileType = folder.assetcatalog; path = Assets.xcassets; sourceTree = "<group>"; };
		627909AF1DD368680076986F /* Base */ = {isa = PBXFileReference; lastKnownFileType = file.storyboard; name = Base; path = Base.lproj/LaunchScreen.storyboard; sourceTree = "<group>"; };
		627909B11DD368680076986F /* Info.plist */ = {isa = PBXFileReference; lastKnownFileType = text.plist.xml; path = Info.plist; sourceTree = "<group>"; };
/* End PBXFileReference section */

/* Begin PBXFrameworksBuildPhase section */
		6279099F1DD368680076986F /* Frameworks */ = {
			isa = PBXFrameworksBuildPhase;
			buildActionMask = 2147483647;
			files = (
			);
			runOnlyForDeploymentPostprocessing = 0;
		};
/* End PBXFrameworksBuildPhase section */

/* Begin PBXGroup section */
		627909991DD368680076986F = {
			isa = PBXGroup;
			children = (
				627909A41DD368680076986F /* rockpaperscissors */,
				627909A31DD368680076986F /* Products */,
			);
			sourceTree = "<group>";
		};
		627909A31DD368680076986F /* Products */ = {
			isa = PBXGroup;
			children = (
				627909A21DD368680076986F /* rockpaperscissors.app */,
			);
			name = Products;
			sourceTree = "<group>";
		};
		627909A41DD368680076986F /* rockpaperscissors */ = {
			isa = PBXGroup;
			children = (
				627909A51DD368680076986F /* AppDelegate.swift */,
				627909A71DD368680076986F /* ViewController.swift */,
				627909A91DD368680076986F /* Main.storyboard */,
				627909AC1DD368680076986F /* Assets.xcassets */,
				627909AE1DD368680076986F /* LaunchScreen.storyboard */,
				627909B11DD368680076986F /* Info.plist */,
			);
			path = rockpaperscissors;
			sourceTree = "<group>";
		};
/* End PBXGroup section */

/* Begin PBXNativeTarget section */
		627909A11DD368680076986F /* rockpaperscissors */ = {
			isa = PBXNativeTarget;
			buildConfigurationList = 627909B41DD368680076986F /* Build configuration list for PBXNativeTarget "rockpaperscissors" */;
			buildPhases = (
				6279099E1DD368680076986F /* Sources */,
				6279099F1DD368680076986F /* Frameworks */,
				627909A01DD368680076986F /* Resources */,
			);
			buildRules = (
			);
			dependencies = (
			);
			name = rockpaperscissors;
			productName = rockpaperscissors;
			productReference = 627909A21DD368680076986F /* rockpaperscissors.app */;
			productType = "com.apple.product-type.application";
		};
/* End PBXNativeTarget section */

/* Begin PBXProject section */
		6279099A1DD368680076986F /* Project object */ = {
			isa = PBXProject;
			attributes = {
				LastSwiftUpdateCheck = 0810;
				LastUpgradeCheck = 0810;
				ORGANIZATIONNAME = myname;
				TargetAttributes = {
					627909A11DD368680076986F = {
						CreatedOnToolsVersion = 8.1;
						ProvisioningStyle = Automatic;
					};
				};
			};
			buildConfigurationList = 6279099D1DD368680076986F /* Build configuration list for PBXProject "rockpaperscissors" */;
			compatibilityVersion = "Xcode 3.2";
			developmentRegion = English;
			hasScannedForEncodings = 0;
			knownRegions = (
				en,
				Base,
			);
			mainGroup = 627909991DD368680076986F;
			productRefGroup = 627909A31DD368680076986F /* Products */;
			projectDirPath = "";
			projectRoot = "";
			targets = (
				627909A11DD368680076986F /* rockpaperscissors */,
			);
		};
/* End PBXProject section */

/* Begin PBXResourcesBuildPhase section */
		627909A01DD368680076986F /* Resources */ = {
			isa = PBXResourcesBuildPhase;
			buildActionMask = 2147483647;
			files = (
				627909B01DD368680076986F /* LaunchScreen.storyboard in Resources */,
				627909AD1DD368680076986F /* Assets.xcassets in Resources */,
				627909AB1DD368680076986F /* Main.storyboard in Resources */,
			);
			runOnlyForDeploymentPostprocessing = 0;
		};
/* End PBXResourcesBuildPhase section */

/* Begin PBXSourcesBuildPhase section */
		6279099E1DD368680076986F /* Sources */ = {
			isa = PBXSourcesBuildPhase;
			buildActionMask = 2147483647;
			files = (
				627909A81DD368680076986F /* ViewController.swift in Sources */,
				627909A61DD368680076986F /* AppDelegate.swift in Sources */,
			);
			runOnlyForDeploymentPostprocessing = 0;
		};
/* End PBXSourcesBuildPhase section */

/* Begin PBXVariantGroup section */
		627909A91DD368680076986F /* Main.storyboard */ = {
			isa = PBXVariantGroup;
			children = (
				627909AA1DD368680076986F /* Base */,
			);
			name = Main.storyboard;
			sourceTree = "<group>";
		};
		627909AE1DD368680076986F /* LaunchScreen.storyboard */ = {
			isa = PBXVariantGroup;
			children = (
				627909AF1DD368680076986F /* Base */,
			);
			name = LaunchScreen.storyboard;
			sourceTree = "<group>";
		};
/* End PBXVariantGroup section */

/* Begin XCBuildConfiguration section */
		627909B21DD368680076986F /* Debug */ = {
			isa = XCBuildConfiguration;
			buildSettings = {
				ALWAYS_SEARCH_USER_PATHS = NO;
				CLANG_ANALYZER_NONNULL = YES;
				CLANG_CXX_LANGUAGE_STANDARD = "gnu++0x";
				CLANG_CXX_LIBRARY = "libc++";
				CLANG_ENABLE_MODULES = YES;
				CLANG_ENABLE_OBJC_ARC = YES;
				CLANG_WARN_BOOL_CONVERSION = YES;
				CLANG_WARN_CONSTANT_CONVERSION = YES;
				CLANG_WARN_DIRECT_OBJC_ISA_USAGE = YES_ERROR;
				CLANG_WARN_DOCUMENTATION_COMMENTS = YES;
				CLANG_WARN_EMPTY_BODY = YES;
				CLANG_WARN_ENUM_CONVERSION = YES;
				CLANG_WARN_INFINITE_RECURSION = YES;
				CLANG_WARN_INT_CONVERSION = YES;
				CLANG_WARN_OBJC_ROOT_CLASS = YES_ERROR;
				CLANG_WARN_SUSPICIOUS_MOVES = YES;
				CLANG_WARN_UNREACHABLE_CODE = YES;
				CLANG_WARN__DUPLICATE_METHOD_MATCH = YES;
				"CODE_SIGN_IDENTITY[sdk=iphoneos*]" = "iPhone Developer";
				COPY_PHASE_STRIP = NO;
				DEBUG_INFORMATION_FORMAT = dwarf;
				ENABLE_STRICT_OBJC_MSGSEND = YES;
				ENABLE_TESTABILITY = YES;
				GCC_C_LANGUAGE_STANDARD = gnu99;
				GCC_DYNAMIC_NO_PIC = NO;
				GCC_NO_COMMON_BLOCKS = YES;
				GCC_OPTIMIZATION_LEVEL = 0;
				GCC_PREPROCESSOR_DEFINITIONS = (
					"DEBUG=1",
					"$(inherited)",
				);
				GCC_WARN_64_TO_32_BIT_CONVERSION = YES;
				GCC_WARN_ABOUT_RETURN_TYPE = YES_ERROR;
				GCC_WARN_UNDECLARED_SELECTOR = YES;
				GCC_WARN_UNINITIALIZED_AUTOS = YES_AGGRESSIVE;
				GCC_WARN_UNUSED_FUNCTION = YES;
				GCC_WARN_UNUSED_VARIABLE = YES;
				IPHONEOS_DEPLOYMENT_TARGET = 10.1;
				MTL_ENABLE_DEBUG_INFO = YES;
				ONLY_ACTIVE_ARCH = YES;
				SDKROOT = iphoneos;
				SWIFT_ACTIVE_COMPILATION_CONDITIONS = DEBUG;
				SWIFT_OPTIMIZATION_LEVEL = "-Onone";
			};
			name = Debug;
		};
		627909B31DD368680076986F /* Release */ = {
			isa = XCBuildConfiguration;
			buildSettings = {
				ALWAYS_SEARCH_USER_PATHS = NO;
				CLANG_ANALYZER_NONNULL = YES;
				CLANG_CXX_LANGUAGE_STANDARD = "gnu++0x";
				CLANG_CXX_LIBRARY = "libc++";
				CLANG_ENABLE_MODULES = YES;
				CLANG_ENABLE_OBJC_ARC = YES;
				CLANG_WARN_BOOL_CONVERSION = YES;
				CLANG_WARN_CONSTANT_CONVERSION = YES;
				CLANG_WARN_DIRECT_OBJC_ISA_USAGE = YES_ERROR;
				CLANG_WARN_DOCUMENTATION_COMMENTS = YES;
				CLANG_WARN_EMPTY_BODY = YES;
				CLANG_WARN_ENUM_CONVERSION = YES;
				CLANG_WARN_INFINITE_RECURSION = YES;
				CLANG_WARN_INT_CONVERSION = YES;
				CLANG_WARN_OBJC_ROOT_CLASS = YES_ERROR;
				CLANG_WARN_SUSPICIOUS_MOVES = YES;
				CLANG_WARN_UNREACHABLE_CODE = YES;
				CLANG_WARN__DUPLICATE_METHOD_MATCH = YES;
				"CODE_SIGN_IDENTITY[sdk=iphoneos*]" = "iPhone Developer";
				COPY_PHASE_STRIP = NO;
				DEBUG_INFORMATION_FORMAT = "dwarf-with-dsym";
				ENABLE_NS_ASSERTIONS = NO;
				ENABLE_STRICT_OBJC_MSGSEND = YES;
				GCC_C_LANGUAGE_STANDARD = gnu99;
				GCC_NO_COMMON_BLOCKS = YES;
				GCC_WARN_64_TO_32_BIT_CONVERSION = YES;
				GCC_WARN_ABOUT_RETURN_TYPE = YES_ERROR;
				GCC_WARN_UNDECLARED_SELECTOR = YES;
				GCC_WARN_UNINITIALIZED_AUTOS = YES_AGGRESSIVE;
				GCC_WARN_UNUSED_FUNCTION = YES;
				GCC_WARN_UNUSED_VARIABLE = YES;
				IPHONEOS_DEPLOYMENT_TARGET = 10.1;
				MTL_ENABLE_DEBUG_INFO = NO;
				SDKROOT = iphoneos;
				SWIFT_OPTIMIZATION_LEVEL = "-Owholemodule";
				VALIDATE_PRODUCT = YES;
			};
			name = Release;
		};
		627909B51DD368680076986F /* Debug */ = {
			isa = XCBuildConfiguration;
			buildSettings = {
				ASSETCATALOG_COMPILER_APPICON_NAME = AppIcon;
				INFOPLIST_FILE = rockpaperscissors/Info.plist;
				LD_RUNPATH_SEARCH_PATHS = "$(inherited) @executable_path/Frameworks";
				PRODUCT_BUNDLE_IDENTIFIER = com.myname.rockpaperscissors;
				PRODUCT_NAME = "$(TARGET_NAME)";
				SWIFT_VERSION = 3.0;
			};
			name = Debug;
		};
		627909B61DD368680076986F /* Release */ = {
			isa = XCBuildConfiguration;
			buildSettings = {
				ASSETCATALOG_COMPILER_APPICON_NAME = AppIcon;
				INFOPLIST_FILE = rockpaperscissors/Info.plist;
				LD_RUNPATH_SEARCH_PATHS = "$(inherited) @executable_path/Frameworks";
				PRODUCT_BUNDLE_IDENTIFIER = com.myname.rockpaperscissors;
				PRODUCT_NAME = "$(TARGET_NAME)";
				SWIFT_VERSION = 3.0;
			};
			name = Release;
		};
/* End XCBuildConfiguration section */

/* Begin XCConfigurationList section */
		6279099D1DD368680076986F /* Build configuration list for PBXProject "rockpaperscissors" */ = {
			isa = XCConfigurationList;
			buildConfigurations = (
				627909B21DD368680076986F /* Debug */,
				627909B31DD368680076986F /* Release */,
			);
			defaultConfigurationIsVisible = 0;
			defaultConfigurationName = Release;
		};
		627909B41DD368680076986F /* Build configuration list for PBXNativeTarget "rockpaperscissors" */ = {
			isa = XCConfigurationList;
			buildConfigurations = (
				627909B51DD368680076986F /* Debug */,
				627909B61DD368680076986F /* Release */,
			);
			defaultConfigurationIsVisible = 0;
		};
/* End XCConfigurationList section */
	};
	rootObject = 6279099A1DD368680076986F /* Project object */;
}
